// !$*UTF8*$!
{
	archiveVersion = 1;
	classes = {
	};
	objectVersion = 56;
	objects = {

/* Begin PBXBuildFile section */
		3491344A292D3F5C00AED999 /* AppDelegate.swift in Sources */ = {isa = PBXBuildFile; fileRef = 34913449292D3F5C00AED999 /* AppDelegate.swift */; };
		3491344C292D3F5C00AED999 /* SceneDelegate.swift in Sources */ = {isa = PBXBuildFile; fileRef = 3491344B292D3F5C00AED999 /* SceneDelegate.swift */; };
		34913451292D3F5C00AED999 /* Main.storyboard in Resources */ = {isa = PBXBuildFile; fileRef = 3491344F292D3F5C00AED999 /* Main.storyboard */; };
		34913453292D3F5C00AED999 /* Assets.xcassets in Resources */ = {isa = PBXBuildFile; fileRef = 34913452292D3F5C00AED999 /* Assets.xcassets */; };
		34913456292D3F5C00AED999 /* LaunchScreen.storyboard in Resources */ = {isa = PBXBuildFile; fileRef = 34913454292D3F5C00AED999 /* LaunchScreen.storyboard */; };
		34913469292D44EE00AED999 /* Store.swift in Sources */ = {isa = PBXBuildFile; fileRef = 34913468292D44EE00AED999 /* Store.swift */; };
		3491346B292D472300AED999 /* OpeningHours.swift in Sources */ = {isa = PBXBuildFile; fileRef = 3491346A292D472300AED999 /* OpeningHours.swift */; };
		3491346E292D479C00AED999 /* StoresInfo.swift in Sources */ = {isa = PBXBuildFile; fileRef = 3491346D292D479C00AED999 /* StoresInfo.swift */; };
		34913471292D49D800AED999 /* StoresApi.swift in Sources */ = {isa = PBXBuildFile; fileRef = 34913470292D49D800AED999 /* StoresApi.swift */; };
		34913473292D4BE300AED999 /* SearchViewController.swift in Sources */ = {isa = PBXBuildFile; fileRef = 34913472292D4BE200AED999 /* SearchViewController.swift */; };
		34913478292D5D0900AED999 /* StoreTableViewCell.swift in Sources */ = {isa = PBXBuildFile; fileRef = 34913477292D5D0900AED999 /* StoreTableViewCell.swift */; };
		3491347A292D6FEB00AED999 /* SearchViewLogicController.swift in Sources */ = {isa = PBXBuildFile; fileRef = 34913479292D6FEB00AED999 /* SearchViewLogicController.swift */; };
		3491347C292E24E000AED999 /* StoreInfoViewController.swift in Sources */ = {isa = PBXBuildFile; fileRef = 3491347B292E24E000AED999 /* StoreInfoViewController.swift */; };
/* End PBXBuildFile section */

/* Begin PBXFileReference section */
		34913446292D3F5C00AED999 /* Find A Coop.app */ = {isa = PBXFileReference; explicitFileType = wrapper.application; includeInIndex = 0; path = "Find A Coop.app"; sourceTree = BUILT_PRODUCTS_DIR; };
		34913449292D3F5C00AED999 /* AppDelegate.swift */ = {isa = PBXFileReference; lastKnownFileType = sourcecode.swift; path = AppDelegate.swift; sourceTree = "<group>"; };
		3491344B292D3F5C00AED999 /* SceneDelegate.swift */ = {isa = PBXFileReference; lastKnownFileType = sourcecode.swift; path = SceneDelegate.swift; sourceTree = "<group>"; };
		34913450292D3F5C00AED999 /* Base */ = {isa = PBXFileReference; lastKnownFileType = file.storyboard; name = Base; path = Base.lproj/Main.storyboard; sourceTree = "<group>"; };
		34913452292D3F5C00AED999 /* Assets.xcassets */ = {isa = PBXFileReference; lastKnownFileType = folder.assetcatalog; path = Assets.xcassets; sourceTree = "<group>"; };
		34913455292D3F5C00AED999 /* Base */ = {isa = PBXFileReference; lastKnownFileType = file.storyboard; name = Base; path = Base.lproj/LaunchScreen.storyboard; sourceTree = "<group>"; };
		34913457292D3F5C00AED999 /* Info.plist */ = {isa = PBXFileReference; lastKnownFileType = text.plist.xml; path = Info.plist; sourceTree = "<group>"; };
		34913468292D44EE00AED999 /* Store.swift */ = {isa = PBXFileReference; lastKnownFileType = sourcecode.swift; path = Store.swift; sourceTree = "<group>"; };
		3491346A292D472300AED999 /* OpeningHours.swift */ = {isa = PBXFileReference; lastKnownFileType = sourcecode.swift; path = OpeningHours.swift; sourceTree = "<group>"; };
		3491346D292D479C00AED999 /* StoresInfo.swift */ = {isa = PBXFileReference; lastKnownFileType = sourcecode.swift; path = StoresInfo.swift; sourceTree = "<group>"; };
		34913470292D49D800AED999 /* StoresApi.swift */ = {isa = PBXFileReference; lastKnownFileType = sourcecode.swift; path = StoresApi.swift; sourceTree = "<group>"; };
		34913472292D4BE200AED999 /* SearchViewController.swift */ = {isa = PBXFileReference; lastKnownFileType = sourcecode.swift; path = SearchViewController.swift; sourceTree = "<group>"; };
		34913477292D5D0900AED999 /* StoreTableViewCell.swift */ = {isa = PBXFileReference; lastKnownFileType = sourcecode.swift; path = StoreTableViewCell.swift; sourceTree = "<group>"; };
		34913479292D6FEB00AED999 /* SearchViewLogicController.swift */ = {isa = PBXFileReference; lastKnownFileType = sourcecode.swift; path = SearchViewLogicController.swift; sourceTree = "<group>"; };
		3491347B292E24E000AED999 /* StoreInfoViewController.swift */ = {isa = PBXFileReference; lastKnownFileType = sourcecode.swift; path = StoreInfoViewController.swift; sourceTree = "<group>"; };
/* End PBXFileReference section */

/* Begin PBXFrameworksBuildPhase section */
		34913443292D3F5C00AED999 /* Frameworks */ = {
			isa = PBXFrameworksBuildPhase;
			buildActionMask = 2147483647;
			files = (
			);
			runOnlyForDeploymentPostprocessing = 0;
		};
/* End PBXFrameworksBuildPhase section */

/* Begin PBXGroup section */
		3491343D292D3F5C00AED999 = {
			isa = PBXGroup;
			children = (
				34913448292D3F5C00AED999 /* Find A Coop */,
				34913447292D3F5C00AED999 /* Products */,
			);
			sourceTree = "<group>";
		};
		34913447292D3F5C00AED999 /* Products */ = {
			isa = PBXGroup;
			children = (
				34913446292D3F5C00AED999 /* Find A Coop.app */,
			);
			name = Products;
			sourceTree = "<group>";
		};
		34913448292D3F5C00AED999 /* Find A Coop */ = {
			isa = PBXGroup;
			children = (
				34913462292D430700AED999 /* Utils */,
				3491345E292D421A00AED999 /* Features */,
				34913449292D3F5C00AED999 /* AppDelegate.swift */,
				3491344B292D3F5C00AED999 /* SceneDelegate.swift */,
				3491344F292D3F5C00AED999 /* Main.storyboard */,
				34913452292D3F5C00AED999 /* Assets.xcassets */,
				34913454292D3F5C00AED999 /* LaunchScreen.storyboard */,
				34913457292D3F5C00AED999 /* Info.plist */,
			);
			path = "Find A Coop";
			sourceTree = "<group>";
		};
		3491345E292D421A00AED999 /* Features */ = {
			isa = PBXGroup;
			children = (
				34913465292D43EA00AED999 /* Stores */,
			);
			path = Features;
			sourceTree = "<group>";
		};
		3491345F292D428200AED999 /* Search */ = {
			isa = PBXGroup;
			children = (
				34913472292D4BE200AED999 /* SearchViewController.swift */,
				34913477292D5D0900AED999 /* StoreTableViewCell.swift */,
				34913479292D6FEB00AED999 /* SearchViewLogicController.swift */,
			);
			path = Search;
			sourceTree = "<group>";
		};
		34913460292D42DD00AED999 /* Models */ = {
			isa = PBXGroup;
			children = (
				34913468292D44EE00AED999 /* Store.swift */,
				3491346A292D472300AED999 /* OpeningHours.swift */,
				3491346D292D479C00AED999 /* StoresInfo.swift */,
			);
			path = Models;
			sourceTree = "<group>";
		};
		34913462292D430700AED999 /* Utils */ = {
			isa = PBXGroup;
			children = (
			);
			path = Utils;
			sourceTree = "<group>";
		};
		34913465292D43EA00AED999 /* Stores */ = {
			isa = PBXGroup;
			children = (
				3491346F292D49C800AED999 /* Api */,
				34913460292D42DD00AED999 /* Models */,
				34913467292D44CB00AED999 /* Controllers */,
			);
			path = Stores;
			sourceTree = "<group>";
		};
		34913466292D441600AED999 /* StoreInfo */ = {
			isa = PBXGroup;
			children = (
				3491347B292E24E000AED999 /* StoreInfoViewController.swift */,
			);
			path = StoreInfo;
			sourceTree = "<group>";
		};
		34913467292D44CB00AED999 /* Controllers */ = {
			isa = PBXGroup;
			children = (
				3491345F292D428200AED999 /* Search */,
				34913466292D441600AED999 /* StoreInfo */,
			);
			path = Controllers;
			sourceTree = "<group>";
		};
		3491346F292D49C800AED999 /* Api */ = {
			isa = PBXGroup;
			children = (
				34913470292D49D800AED999 /* StoresApi.swift */,
			);
			path = Api;
			sourceTree = "<group>";
		};
/* End PBXGroup section */

/* Begin PBXNativeTarget section */
		34913445292D3F5C00AED999 /* Find A Coop */ = {
			isa = PBXNativeTarget;
			buildConfigurationList = 3491345A292D3F5C00AED999 /* Build configuration list for PBXNativeTarget "Find A Coop" */;
			buildPhases = (
				34913442292D3F5C00AED999 /* Sources */,
				34913443292D3F5C00AED999 /* Frameworks */,
				34913444292D3F5C00AED999 /* Resources */,
			);
			buildRules = (
			);
			dependencies = (
			);
			name = "Find A Coop";
			productName = "Find A Coop";
			productReference = 34913446292D3F5C00AED999 /* Find A Coop.app */;
			productType = "com.apple.product-type.application";
		};
/* End PBXNativeTarget section */

/* Begin PBXProject section */
		3491343E292D3F5C00AED999 /* Project object */ = {
			isa = PBXProject;
			attributes = {
				BuildIndependentTargetsInParallel = 1;
				LastSwiftUpdateCheck = 1410;
				LastUpgradeCheck = 1410;
				TargetAttributes = {
					34913445292D3F5C00AED999 = {
						CreatedOnToolsVersion = 14.1;
					};
				};
			};
			buildConfigurationList = 34913441292D3F5C00AED999 /* Build configuration list for PBXProject "Find A Coop" */;
			compatibilityVersion = "Xcode 14.0";
			developmentRegion = en;
			hasScannedForEncodings = 0;
			knownRegions = (
				en,
				Base,
			);
			mainGroup = 3491343D292D3F5C00AED999;
			productRefGroup = 34913447292D3F5C00AED999 /* Products */;
			projectDirPath = "";
			projectRoot = "";
			targets = (
				34913445292D3F5C00AED999 /* Find A Coop */,
			);
		};
/* End PBXProject section */

/* Begin PBXResourcesBuildPhase section */
		34913444292D3F5C00AED999 /* Resources */ = {
			isa = PBXResourcesBuildPhase;
			buildActionMask = 2147483647;
			files = (
				34913456292D3F5C00AED999 /* LaunchScreen.storyboard in Resources */,
				34913453292D3F5C00AED999 /* Assets.xcassets in Resources */,
				34913451292D3F5C00AED999 /* Main.storyboard in Resources */,
			);
			runOnlyForDeploymentPostprocessing = 0;
		};
/* End PBXResourcesBuildPhase section */

/* Begin PBXSourcesBuildPhase section */
		34913442292D3F5C00AED999 /* Sources */ = {
			isa = PBXSourcesBuildPhase;
			buildActionMask = 2147483647;
			files = (
				3491347A292D6FEB00AED999 /* SearchViewLogicController.swift in Sources */,
				34913469292D44EE00AED999 /* Store.swift in Sources */,
				34913473292D4BE300AED999 /* SearchViewController.swift in Sources */,
				3491346E292D479C00AED999 /* StoresInfo.swift in Sources */,
				34913478292D5D0900AED999 /* StoreTableViewCell.swift in Sources */,
				3491344A292D3F5C00AED999 /* AppDelegate.swift in Sources */,
				3491347C292E24E000AED999 /* StoreInfoViewController.swift in Sources */,
				3491346B292D472300AED999 /* OpeningHours.swift in Sources */,
				34913471292D49D800AED999 /* StoresApi.swift in Sources */,
				3491344C292D3F5C00AED999 /* SceneDelegate.swift in Sources */,
			);
			runOnlyForDeploymentPostprocessing = 0;
		};
/* End PBXSourcesBuildPhase section */

/* Begin PBXVariantGroup section */
		3491344F292D3F5C00AED999 /* Main.storyboard */ = {
			isa = PBXVariantGroup;
			children = (
				34913450292D3F5C00AED999 /* Base */,
			);
			name = Main.storyboard;
			sourceTree = "<group>";
		};
		34913454292D3F5C00AED999 /* LaunchScreen.storyboard */ = {
			isa = PBXVariantGroup;
			children = (
				34913455292D3F5C00AED999 /* Base */,
			);
			name = LaunchScreen.storyboard;
			sourceTree = "<group>";
		};
/* End PBXVariantGroup section */

/* Begin XCBuildConfiguration section */
		34913458292D3F5C00AED999 /* Debug */ = {
			isa = XCBuildConfiguration;
			buildSettings = {
				ALWAYS_SEARCH_USER_PATHS = NO;
				CLANG_ANALYZER_NONNULL = YES;
				CLANG_ANALYZER_NUMBER_OBJECT_CONVERSION = YES_AGGRESSIVE;
				CLANG_CXX_LANGUAGE_STANDARD = "gnu++20";
				CLANG_ENABLE_MODULES = YES;
				CLANG_ENABLE_OBJC_ARC = YES;
				CLANG_ENABLE_OBJC_WEAK = YES;
				CLANG_WARN_BLOCK_CAPTURE_AUTORELEASING = YES;
				CLANG_WARN_BOOL_CONVERSION = YES;
				CLANG_WARN_COMMA = YES;
				CLANG_WARN_CONSTANT_CONVERSION = YES;
				CLANG_WARN_DEPRECATED_OBJC_IMPLEMENTATIONS = YES;
				CLANG_WARN_DIRECT_OBJC_ISA_USAGE = YES_ERROR;
				CLANG_WARN_DOCUMENTATION_COMMENTS = YES;
				CLANG_WARN_EMPTY_BODY = YES;
				CLANG_WARN_ENUM_CONVERSION = YES;
				CLANG_WARN_INFINITE_RECURSION = YES;
				CLANG_WARN_INT_CONVERSION = YES;
				CLANG_WARN_NON_LITERAL_NULL_CONVERSION = YES;
				CLANG_WARN_OBJC_IMPLICIT_RETAIN_SELF = YES;
				CLANG_WARN_OBJC_LITERAL_CONVERSION = YES;
				CLANG_WARN_OBJC_ROOT_CLASS = YES_ERROR;
				CLANG_WARN_QUOTED_INCLUDE_IN_FRAMEWORK_HEADER = YES;
				CLANG_WARN_RANGE_LOOP_ANALYSIS = YES;
				CLANG_WARN_STRICT_PROTOTYPES = YES;
				CLANG_WARN_SUSPICIOUS_MOVE = YES;
				CLANG_WARN_UNGUARDED_AVAILABILITY = YES_AGGRESSIVE;
				CLANG_WARN_UNREACHABLE_CODE = YES;
				CLANG_WARN__DUPLICATE_METHOD_MATCH = YES;
				COPY_PHASE_STRIP = NO;
				DEBUG_INFORMATION_FORMAT = dwarf;
				ENABLE_STRICT_OBJC_MSGSEND = YES;
				ENABLE_TESTABILITY = YES;
				GCC_C_LANGUAGE_STANDARD = gnu11;
				GCC_DYNAMIC_NO_PIC = NO;
				GCC_NO_COMMON_BLOCKS = YES;
				GCC_OPTIMIZATION_LEVEL = 0;
				GCC_PREPROCESSOR_DEFINITIONS = (
					"DEBUG=1",
					"$(inherited)",
				);
				GCC_WARN_64_TO_32_BIT_CONVERSION = YES;
				GCC_WARN_ABOUT_RETURN_TYPE = YES_ERROR;
				GCC_WARN_UNDECLARED_SELECTOR = YES;
				GCC_WARN_UNINITIALIZED_AUTOS = YES_AGGRESSIVE;
				GCC_WARN_UNUSED_FUNCTION = YES;
				GCC_WARN_UNUSED_VARIABLE = YES;
				IPHONEOS_DEPLOYMENT_TARGET = 16.1;
				MTL_ENABLE_DEBUG_INFO = INCLUDE_SOURCE;
				MTL_FAST_MATH = YES;
				ONLY_ACTIVE_ARCH = YES;
				SDKROOT = iphoneos;
				SWIFT_ACTIVE_COMPILATION_CONDITIONS = DEBUG;
				SWIFT_OPTIMIZATION_LEVEL = "-Onone";
			};
			name = Debug;
		};
		34913459292D3F5C00AED999 /* Release */ = {
			isa = XCBuildConfiguration;
			buildSettings = {
				ALWAYS_SEARCH_USER_PATHS = NO;
				CLANG_ANALYZER_NONNULL = YES;
				CLANG_ANALYZER_NUMBER_OBJECT_CONVERSION = YES_AGGRESSIVE;
				CLANG_CXX_LANGUAGE_STANDARD = "gnu++20";
				CLANG_ENABLE_MODULES = YES;
				CLANG_ENABLE_OBJC_ARC = YES;
				CLANG_ENABLE_OBJC_WEAK = YES;
				CLANG_WARN_BLOCK_CAPTURE_AUTORELEASING = YES;
				CLANG_WARN_BOOL_CONVERSION = YES;
				CLANG_WARN_COMMA = YES;
				CLANG_WARN_CONSTANT_CONVERSION = YES;
				CLANG_WARN_DEPRECATED_OBJC_IMPLEMENTATIONS = YES;
				CLANG_WARN_DIRECT_OBJC_ISA_USAGE = YES_ERROR;
				CLANG_WARN_DOCUMENTATION_COMMENTS = YES;
				CLANG_WARN_EMPTY_BODY = YES;
				CLANG_WARN_ENUM_CONVERSION = YES;
				CLANG_WARN_INFINITE_RECURSION = YES;
				CLANG_WARN_INT_CONVERSION = YES;
				CLANG_WARN_NON_LITERAL_NULL_CONVERSION = YES;
				CLANG_WARN_OBJC_IMPLICIT_RETAIN_SELF = YES;
				CLANG_WARN_OBJC_LITERAL_CONVERSION = YES;
				CLANG_WARN_OBJC_ROOT_CLASS = YES_ERROR;
				CLANG_WARN_QUOTED_INCLUDE_IN_FRAMEWORK_HEADER = YES;
				CLANG_WARN_RANGE_LOOP_ANALYSIS = YES;
				CLANG_WARN_STRICT_PROTOTYPES = YES;
				CLANG_WARN_SUSPICIOUS_MOVE = YES;
				CLANG_WARN_UNGUARDED_AVAILABILITY = YES_AGGRESSIVE;
				CLANG_WARN_UNREACHABLE_CODE = YES;
				CLANG_WARN__DUPLICATE_METHOD_MATCH = YES;
				COPY_PHASE_STRIP = NO;
				DEBUG_INFORMATION_FORMAT = "dwarf-with-dsym";
				ENABLE_NS_ASSERTIONS = NO;
				ENABLE_STRICT_OBJC_MSGSEND = YES;
				GCC_C_LANGUAGE_STANDARD = gnu11;
				GCC_NO_COMMON_BLOCKS = YES;
				GCC_WARN_64_TO_32_BIT_CONVERSION = YES;
				GCC_WARN_ABOUT_RETURN_TYPE = YES_ERROR;
				GCC_WARN_UNDECLARED_SELECTOR = YES;
				GCC_WARN_UNINITIALIZED_AUTOS = YES_AGGRESSIVE;
				GCC_WARN_UNUSED_FUNCTION = YES;
				GCC_WARN_UNUSED_VARIABLE = YES;
				IPHONEOS_DEPLOYMENT_TARGET = 16.1;
				MTL_ENABLE_DEBUG_INFO = NO;
				MTL_FAST_MATH = YES;
				SDKROOT = iphoneos;
				SWIFT_COMPILATION_MODE = wholemodule;
				SWIFT_OPTIMIZATION_LEVEL = "-O";
				VALIDATE_PRODUCT = YES;
			};
			name = Release;
		};
		3491345B292D3F5C00AED999 /* Debug */ = {
			isa = XCBuildConfiguration;
			buildSettings = {
				ASSETCATALOG_COMPILER_APPICON_NAME = AppIcon;
				ASSETCATALOG_COMPILER_GLOBAL_ACCENT_COLOR_NAME = AccentColor;
				CODE_SIGN_STYLE = Automatic;
				CURRENT_PROJECT_VERSION = 1;
				DEVELOPMENT_TEAM = DX73AMC83B;
				GENERATE_INFOPLIST_FILE = YES;
				INFOPLIST_FILE = "Find A Coop/Info.plist";
				INFOPLIST_KEY_CFBundleDisplayName = "Find A Coop";
				INFOPLIST_KEY_LSApplicationCategoryType = "public.app-category.food-and-drink";
				INFOPLIST_KEY_UIApplicationSupportsIndirectInputEvents = YES;
				INFOPLIST_KEY_UILaunchStoryboardName = LaunchScreen;
				INFOPLIST_KEY_UIMainStoryboardFile = Main;
				INFOPLIST_KEY_UISupportedInterfaceOrientations = UIInterfaceOrientationPortrait;
				INFOPLIST_KEY_UISupportedInterfaceOrientations_iPad = "UIInterfaceOrientationLandscapeLeft UIInterfaceOrientationLandscapeRight UIInterfaceOrientationPortrait UIInterfaceOrientationPortraitUpsideDown";
				IPHONEOS_DEPLOYMENT_TARGET = 15.0;
				LD_RUNPATH_SEARCH_PATHS = (
					"$(inherited)",
					"@executable_path/Frameworks",
				);
				MARKETING_VERSION = 1.0;
				PRODUCT_BUNDLE_IDENTIFIER = "tech.hauglid.Find-A-Coop";
				PRODUCT_NAME = "$(TARGET_NAME)";
				SUPPORTED_PLATFORMS = "iphoneos iphonesimulator";
				SUPPORTS_MACCATALYST = NO;
				SUPPORTS_MAC_DESIGNED_FOR_IPHONE_IPAD = NO;
				SWIFT_EMIT_LOC_STRINGS = YES;
				SWIFT_VERSION = 5.0;
				TARGETED_DEVICE_FAMILY = 1;
			};
			name = Debug;
		};
		3491345C292D3F5C00AED999 /* Release */ = {
			isa = XCBuildConfiguration;
			buildSettings = {
				ASSETCATALOG_COMPILER_APPICON_NAME = AppIcon;
				ASSETCATALOG_COMPILER_GLOBAL_ACCENT_COLOR_NAME = AccentColor;
				CODE_SIGN_STYLE = Automatic;
				CURRENT_PROJECT_VERSION = 1;
				DEVELOPMENT_TEAM = DX73AMC83B;
				GENERATE_INFOPLIST_FILE = YES;
				INFOPLIST_FILE = "Find A Coop/Info.plist";
				INFOPLIST_KEY_CFBundleDisplayName = "Find A Coop";
				INFOPLIST_KEY_LSApplicationCategoryType = "public.app-category.food-and-drink";
				INFOPLIST_KEY_UIApplicationSupportsIndirectInputEvents = YES;
				INFOPLIST_KEY_UILaunchStoryboardName = LaunchScreen;
				INFOPLIST_KEY_UIMainStoryboardFile = Main;
				INFOPLIST_KEY_UISupportedInterfaceOrientations = UIInterfaceOrientationPortrait;
				INFOPLIST_KEY_UISupportedInterfaceOrientations_iPad = "UIInterfaceOrientationLandscapeLeft UIInterfaceOrientationLandscapeRight UIInterfaceOrientationPortrait UIInterfaceOrientationPortraitUpsideDown";
				IPHONEOS_DEPLOYMENT_TARGET = 15.0;
				LD_RUNPATH_SEARCH_PATHS = (
					"$(inherited)",
					"@executable_path/Frameworks",
				);
				MARKETING_VERSION = 1.0;
				PRODUCT_BUNDLE_IDENTIFIER = "tech.hauglid.Find-A-Coop";
				PRODUCT_NAME = "$(TARGET_NAME)";
				SUPPORTED_PLATFORMS = "iphoneos iphonesimulator";
				SUPPORTS_MACCATALYST = NO;
				SUPPORTS_MAC_DESIGNED_FOR_IPHONE_IPAD = NO;
				SWIFT_EMIT_LOC_STRINGS = YES;
				SWIFT_VERSION = 5.0;
				TARGETED_DEVICE_FAMILY = 1;
			};
			name = Release;
		};
/* End XCBuildConfiguration section */

/* Begin XCConfigurationList section */
		34913441292D3F5C00AED999 /* Build configuration list for PBXProject "Find A Coop" */ = {
			isa = XCConfigurationList;
			buildConfigurations = (
				34913458292D3F5C00AED999 /* Debug */,
				34913459292D3F5C00AED999 /* Release */,
			);
			defaultConfigurationIsVisible = 0;
			defaultConfigurationName = Release;
		};
		3491345A292D3F5C00AED999 /* Build configuration list for PBXNativeTarget "Find A Coop" */ = {
			isa = XCConfigurationList;
			buildConfigurations = (
				3491345B292D3F5C00AED999 /* Debug */,
				3491345C292D3F5C00AED999 /* Release */,
			);
			defaultConfigurationIsVisible = 0;
			defaultConfigurationName = Release;
		};
/* End XCConfigurationList section */
	};
	rootObject = 3491343E292D3F5C00AED999 /* Project object */;
}
